
Microsoft Visual Studio Solution File, Format Version 12.00
# Visual Studio Version 16
VisualStudioVersion = 16.0.30204.135
MinimumVisualStudioVersion = 10.0.40219.1
Project("{FAE04EC0-301F-11D3-BF4B-00C04F79EFBC}") = "BinanceClient", "BinanceClient\BinanceClient.csproj", "{4DDD0229-BB34-4CAE-81B5-F7336897F3BA}"
EndProject
Global
	GlobalSection(SolutionConfigurationPlatforms) = preSolution
		Debug|Any CPU = Debug|Any CPU
		Release|Any CPU = Release|Any CPU
	EndGlobalSection
	GlobalSection(ProjectConfigurationPlatforms) = postSolution
		{4DDD0229-BB34-4CAE-81B5-F7336897F3BA}.Debug|Any CPU.ActiveCfg = Debug|Any CPU
		{4DDD0229-BB34-4CAE-81B5-F7336897F3BA}.Debug|Any CPU.Build.0 = Debug|Any CPU
		{4DDD0229-BB34-4CAE-81B5-F7336897F3BA}.Release|Any CPU.ActiveCfg = Release|Any CPU
		{4DDD0229-BB34-4CAE-81B5-F7336897F3BA}.Release|Any CPU.Build.0 = Release|Any CPU
	EndGlobalSection
	GlobalSection(SolutionProperties) = preSolution
		HideSolutionNode = FALSE
	EndGlobalSection
	GlobalSection(ExtensibilityGlobals) = postSolution
		SolutionGuid = {FAC03002-9105-4969-BACF-9EF6F99818CF}
	EndGlobalSection
EndGlobal
